PODS:
  - Alamofire (4.2.0)
  - FlatUIKit (1.6.2)
  - FontAwesome.swift (1.0.0)
  - ImagePicker (2.0.0)
  - MBProgressHUD (1.0.0)
  - QRCodeReader.swift (7.2.0)
  - SimpleAlert (2.0.1)
  - Starscream (2.0.2)
  - SwiftyJSON (3.1.3)

DEPENDENCIES:
  - Alamofire (~> 4.0)
  - FlatUIKit
  - FontAwesome.swift
  - ImagePicker
  - MBProgressHUD (~> 1.0.0)
  - QRCodeReader.swift (~> 7.2.0)
  - SimpleAlert
  - Starscream (~> 2.0.0)
  - SwiftyJSON

SPEC CHECKSUMS:
  Alamofire: aa2e09d871c9160ac53c90e83c68064a94e3dfbe
  FlatUIKit: 1b41f0d4952ce8d970d8479ce79df54a960242c4
  FontAwesome.swift: 2d32a3d62195343c2004b7c9043294ed2948553a
  ImagePicker: 81175d36c2852cb543cb4f5d6c19e28f3e8d90eb
  MBProgressHUD: 4890f671c94e8a0f3cf959aa731e9de2f036d71a
  QRCodeReader.swift: 2ddf74993243106dd2be5cf9f6e13c7a3e9a2d00
  SimpleAlert: 383d1197df2e7b70b9bef5771f3632979c1aadae
  Starscream: 6c135a34e0a6e60cedaa0b30db67a4c05cf7cd38
  SwiftyJSON: 38a8ea2006779c0fc4c310cb2ee8195327740faf

PODFILE CHECKSUM: a022c7a8ecc2c904ebb940cf0e68e66ce6cc3349

COCOAPODS: 1.1.1
