// !$*UTF8*$!
{
	archiveVersion = 1;
	classes = {
	};
	objectVersion = 46;
	objects = {

/* Begin PBXBuildFile section */
		1953BBA11DF32FDF00F411B7 /* AppDelegate.swift in Sources */ = {isa = PBXBuildFile; fileRef = 1953BBA01DF32FDF00F411B7 /* AppDelegate.swift */; };
		1953BBA31DF32FDF00F411B7 /* ViewController.swift in Sources */ = {isa = PBXBuildFile; fileRef = 1953BBA21DF32FDF00F411B7 /* ViewController.swift */; };
		1953BBA61DF32FDF00F411B7 /* Main.storyboard in Resources */ = {isa = PBXBuildFile; fileRef = 1953BBA41DF32FDF00F411B7 /* Main.storyboard */; };
		1953BBA81DF32FDF00F411B7 /* Assets.xcassets in Resources */ = {isa = PBXBuildFile; fileRef = 1953BBA71DF32FDF00F411B7 /* Assets.xcassets */; };
		1953BBAB1DF32FDF00F411B7 /* LaunchScreen.storyboard in Resources */ = {isa = PBXBuildFile; fileRef = 1953BBA91DF32FDF00F411B7 /* LaunchScreen.storyboard */; };
		197F6FEE1DF3531C00533842 /* Backend.swift in Sources */ = {isa = PBXBuildFile; fileRef = 197F6FED1DF3531C00533842 /* Backend.swift */; };
		197F6FF21DF35FD900533842 /* GalleryView.swift in Sources */ = {isa = PBXBuildFile; fileRef = 197F6FF11DF35FD900533842 /* GalleryView.swift */; };
		9E5CB06632E647D9EBE809E4 /* Pods_MyCodeReader.framework in Frameworks */ = {isa = PBXBuildFile; fileRef = 59574CC786F258BD1397D611 /* Pods_MyCodeReader.framework */; };
/* End PBXBuildFile section */

/* Begin PBXFileReference section */
		0F73239091496A1A47E83AC2 /* Pods-MyCodeReader.release.xcconfig */ = {isa = PBXFileReference; includeInIndex = 1; lastKnownFileType = text.xcconfig; name = "Pods-MyCodeReader.release.xcconfig"; path = "Pods/Target Support Files/Pods-MyCodeReader/Pods-MyCodeReader.release.xcconfig"; sourceTree = "<group>"; };
		1953BB9D1DF32FDF00F411B7 /* MyCodeReader.app */ = {isa = PBXFileReference; explicitFileType = wrapper.application; includeInIndex = 0; path = MyCodeReader.app; sourceTree = BUILT_PRODUCTS_DIR; };
		1953BBA01DF32FDF00F411B7 /* AppDelegate.swift */ = {isa = PBXFileReference; lastKnownFileType = sourcecode.swift; path = AppDelegate.swift; sourceTree = "<group>"; };
		1953BBA21DF32FDF00F411B7 /* ViewController.swift */ = {isa = PBXFileReference; lastKnownFileType = sourcecode.swift; path = ViewController.swift; sourceTree = "<group>"; };
		1953BBA51DF32FDF00F411B7 /* Base */ = {isa = PBXFileReference; lastKnownFileType = file.storyboard; name = Base; path = Base.lproj/Main.storyboard; sourceTree = "<group>"; };
		1953BBA71DF32FDF00F411B7 /* Assets.xcassets */ = {isa = PBXFileReference; lastKnownFileType = folder.assetcatalog; path = Assets.xcassets; sourceTree = "<group>"; };
		1953BBAA1DF32FDF00F411B7 /* Base */ = {isa = PBXFileReference; lastKnownFileType = file.storyboard; name = Base; path = Base.lproj/LaunchScreen.storyboard; sourceTree = "<group>"; };
		1953BBAC1DF32FDF00F411B7 /* Info.plist */ = {isa = PBXFileReference; lastKnownFileType = text.plist.xml; path = Info.plist; sourceTree = "<group>"; };
		197F6FED1DF3531C00533842 /* Backend.swift */ = {isa = PBXFileReference; fileEncoding = 4; lastKnownFileType = sourcecode.swift; path = Backend.swift; sourceTree = "<group>"; };
		197F6FF11DF35FD900533842 /* GalleryView.swift */ = {isa = PBXFileReference; fileEncoding = 4; lastKnownFileType = sourcecode.swift; path = GalleryView.swift; sourceTree = "<group>"; };
		19A358041DF337F2009AE9C1 /* MyCodeReader-Bridging-Header.h */ = {isa = PBXFileReference; lastKnownFileType = sourcecode.c.h; path = "MyCodeReader-Bridging-Header.h"; sourceTree = "<group>"; };
		59574CC786F258BD1397D611 /* Pods_MyCodeReader.framework */ = {isa = PBXFileReference; explicitFileType = wrapper.framework; includeInIndex = 0; path = Pods_MyCodeReader.framework; sourceTree = BUILT_PRODUCTS_DIR; };
		F7D9CAA186AD96F2D69AB1AE /* Pods-MyCodeReader.debug.xcconfig */ = {isa = PBXFileReference; includeInIndex = 1; lastKnownFileType = text.xcconfig; name = "Pods-MyCodeReader.debug.xcconfig"; path = "Pods/Target Support Files/Pods-MyCodeReader/Pods-MyCodeReader.debug.xcconfig"; sourceTree = "<group>"; };
/* End PBXFileReference section */

/* Begin PBXFrameworksBuildPhase section */
		1953BB9A1DF32FDF00F411B7 /* Frameworks */ = {
			isa = PBXFrameworksBuildPhase;
			buildActionMask = 2147483647;
			files = (
				9E5CB06632E647D9EBE809E4 /* Pods_MyCodeReader.framework in Frameworks */,
			);
			runOnlyForDeploymentPostprocessing = 0;
		};
/* End PBXFrameworksBuildPhase section */

/* Begin PBXGroup section */
		1953BB941DF32FDF00F411B7 = {
			isa = PBXGroup;
			children = (
				1953BB9F1DF32FDF00F411B7 /* MyCodeReader */,
				1953BB9E1DF32FDF00F411B7 /* Products */,
				98722CD3D7006619AAA24AA7 /* Pods */,
				4BF2F27FD2FA26A7D228FC7E /* Frameworks */,
			);
			sourceTree = "<group>";
		};
		1953BB9E1DF32FDF00F411B7 /* Products */ = {
			isa = PBXGroup;
			children = (
				1953BB9D1DF32FDF00F411B7 /* MyCodeReader.app */,
			);
			name = Products;
			sourceTree = "<group>";
		};
		1953BB9F1DF32FDF00F411B7 /* MyCodeReader */ = {
			isa = PBXGroup;
			children = (
				1953BBA01DF32FDF00F411B7 /* AppDelegate.swift */,
				1953BBA21DF32FDF00F411B7 /* ViewController.swift */,
				1953BBA41DF32FDF00F411B7 /* Main.storyboard */,
				1953BBA71DF32FDF00F411B7 /* Assets.xcassets */,
				1953BBA91DF32FDF00F411B7 /* LaunchScreen.storyboard */,
				1953BBAC1DF32FDF00F411B7 /* Info.plist */,
				19A358041DF337F2009AE9C1 /* MyCodeReader-Bridging-Header.h */,
				197F6FED1DF3531C00533842 /* Backend.swift */,
				197F6FF11DF35FD900533842 /* GalleryView.swift */,
			);
			path = MyCodeReader;
			sourceTree = "<group>";
		};
		4BF2F27FD2FA26A7D228FC7E /* Frameworks */ = {
			isa = PBXGroup;
			children = (
				59574CC786F258BD1397D611 /* Pods_MyCodeReader.framework */,
			);
			name = Frameworks;
			sourceTree = "<group>";
		};
		98722CD3D7006619AAA24AA7 /* Pods */ = {
			isa = PBXGroup;
			children = (
				F7D9CAA186AD96F2D69AB1AE /* Pods-MyCodeReader.debug.xcconfig */,
				0F73239091496A1A47E83AC2 /* Pods-MyCodeReader.release.xcconfig */,
			);
			name = Pods;
			sourceTree = "<group>";
		};
/* End PBXGroup section */

/* Begin PBXNativeTarget section */
		1953BB9C1DF32FDF00F411B7 /* MyCodeReader */ = {
			isa = PBXNativeTarget;
			buildConfigurationList = 1953BBAF1DF32FDF00F411B7 /* Build configuration list for PBXNativeTarget "MyCodeReader" */;
			buildPhases = (
				23BFD894D9C8702D832952DA /* [CP] Check Pods Manifest.lock */,
				1953BB991DF32FDF00F411B7 /* Sources */,
				1953BB9A1DF32FDF00F411B7 /* Frameworks */,
				1953BB9B1DF32FDF00F411B7 /* Resources */,
				5E53F15C758449427A164B76 /* [CP] Embed Pods Frameworks */,
				69A8A91B8292B5BEF264D040 /* [CP] Copy Pods Resources */,
			);
			buildRules = (
			);
			dependencies = (
			);
			name = MyCodeReader;
			productName = MyCodeReader;
			productReference = 1953BB9D1DF32FDF00F411B7 /* MyCodeReader.app */;
			productType = "com.apple.product-type.application";
		};
/* End PBXNativeTarget section */

/* Begin PBXProject section */
		1953BB951DF32FDF00F411B7 /* Project object */ = {
			isa = PBXProject;
			attributes = {
				LastSwiftUpdateCheck = 0810;
				LastUpgradeCheck = 0810;
				ORGANIZATIONNAME = "Akshay Bharath";
				TargetAttributes = {
					1953BB9C1DF32FDF00F411B7 = {
						CreatedOnToolsVersion = 8.1;
						DevelopmentTeam = VRYW4TD62Q;
						ProvisioningStyle = Automatic;
					};
				};
			};
			buildConfigurationList = 1953BB981DF32FDF00F411B7 /* Build configuration list for PBXProject "MyCodeReader" */;
			compatibilityVersion = "Xcode 3.2";
			developmentRegion = English;
			hasScannedForEncodings = 0;
			knownRegions = (
				en,
				Base,
			);
			mainGroup = 1953BB941DF32FDF00F411B7;
			productRefGroup = 1953BB9E1DF32FDF00F411B7 /* Products */;
			projectDirPath = "";
			projectRoot = "";
			targets = (
				1953BB9C1DF32FDF00F411B7 /* MyCodeReader */,
			);
		};
/* End PBXProject section */

/* Begin PBXResourcesBuildPhase section */
		1953BB9B1DF32FDF00F411B7 /* Resources */ = {
			isa = PBXResourcesBuildPhase;
			buildActionMask = 2147483647;
			files = (
				1953BBAB1DF32FDF00F411B7 /* LaunchScreen.storyboard in Resources */,
				1953BBA81DF32FDF00F411B7 /* Assets.xcassets in Resources */,
				1953BBA61DF32FDF00F411B7 /* Main.storyboard in Resources */,
			);
			runOnlyForDeploymentPostprocessing = 0;
		};
/* End PBXResourcesBuildPhase section */

/* Begin PBXShellScriptBuildPhase section */
		23BFD894D9C8702D832952DA /* [CP] Check Pods Manifest.lock */ = {
			isa = PBXShellScriptBuildPhase;
			buildActionMask = 2147483647;
			files = (
			);
			inputPaths = (
			);
			name = "[CP] Check Pods Manifest.lock";
			outputPaths = (
			);
			runOnlyForDeploymentPostprocessing = 0;
			shellPath = /bin/sh;
			shellScript = "diff \"${PODS_ROOT}/../Podfile.lock\" \"${PODS_ROOT}/Manifest.lock\" > /dev/null\nif [ $? != 0 ] ; then\n    # print error to STDERR\n    echo \"error: The sandbox is not in sync with the Podfile.lock. Run 'pod install' or update your CocoaPods installation.\" >&2\n    exit 1\nfi\n";
			showEnvVarsInLog = 0;
		};
		5E53F15C758449427A164B76 /* [CP] Embed Pods Frameworks */ = {
			isa = PBXShellScriptBuildPhase;
			buildActionMask = 2147483647;
			files = (
			);
			inputPaths = (
			);
			name = "[CP] Embed Pods Frameworks";
			outputPaths = (
			);
			runOnlyForDeploymentPostprocessing = 0;
			shellPath = /bin/sh;
			shellScript = "\"${SRCROOT}/Pods/Target Support Files/Pods-MyCodeReader/Pods-MyCodeReader-frameworks.sh\"\n";
			showEnvVarsInLog = 0;
		};
		69A8A91B8292B5BEF264D040 /* [CP] Copy Pods Resources */ = {
			isa = PBXShellScriptBuildPhase;
			buildActionMask = 2147483647;
			files = (
			);
			inputPaths = (
			);
			name = "[CP] Copy Pods Resources";
			outputPaths = (
			);
			runOnlyForDeploymentPostprocessing = 0;
			shellPath = /bin/sh;
			shellScript = "\"${SRCROOT}/Pods/Target Support Files/Pods-MyCodeReader/Pods-MyCodeReader-resources.sh\"\n";
			showEnvVarsInLog = 0;
		};
/* End PBXShellScriptBuildPhase section */

/* Begin PBXSourcesBuildPhase section */
		1953BB991DF32FDF00F411B7 /* Sources */ = {
			isa = PBXSourcesBuildPhase;
			buildActionMask = 2147483647;
			files = (
				1953BBA31DF32FDF00F411B7 /* ViewController.swift in Sources */,
				1953BBA11DF32FDF00F411B7 /* AppDelegate.swift in Sources */,
				197F6FEE1DF3531C00533842 /* Backend.swift in Sources */,
				197F6FF21DF35FD900533842 /* GalleryView.swift in Sources */,
			);
			runOnlyForDeploymentPostprocessing = 0;
		};
/* End PBXSourcesBuildPhase section */

/* Begin PBXVariantGroup section */
		1953BBA41DF32FDF00F411B7 /* Main.storyboard */ = {
			isa = PBXVariantGroup;
			children = (
				1953BBA51DF32FDF00F411B7 /* Base */,
			);
			name = Main.storyboard;
			sourceTree = "<group>";
		};
		1953BBA91DF32FDF00F411B7 /* LaunchScreen.storyboard */ = {
			isa = PBXVariantGroup;
			children = (
				1953BBAA1DF32FDF00F411B7 /* Base */,
			);
			name = LaunchScreen.storyboard;
			sourceTree = "<group>";
		};
/* End PBXVariantGroup section */

/* Begin XCBuildConfiguration section */
		1953BBAD1DF32FDF00F411B7 /* Debug */ = {
			isa = XCBuildConfiguration;
			buildSettings = {
				ALWAYS_SEARCH_USER_PATHS = NO;
				CLANG_ANALYZER_NONNULL = YES;
				CLANG_CXX_LANGUAGE_STANDARD = "gnu++0x";
				CLANG_CXX_LIBRARY = "libc++";
				CLANG_ENABLE_MODULES = YES;
				CLANG_ENABLE_OBJC_ARC = YES;
				CLANG_WARN_BOOL_CONVERSION = YES;
				CLANG_WARN_CONSTANT_CONVERSION = YES;
				CLANG_WARN_DIRECT_OBJC_ISA_USAGE = YES_ERROR;
				CLANG_WARN_DOCUMENTATION_COMMENTS = YES;
				CLANG_WARN_EMPTY_BODY = YES;
				CLANG_WARN_ENUM_CONVERSION = YES;
				CLANG_WARN_INFINITE_RECURSION = YES;
				CLANG_WARN_INT_CONVERSION = YES;
				CLANG_WARN_OBJC_ROOT_CLASS = YES_ERROR;
				CLANG_WARN_SUSPICIOUS_MOVE = YES;
				CLANG_WARN_SUSPICIOUS_MOVES = YES;
				CLANG_WARN_UNREACHABLE_CODE = YES;
				CLANG_WARN__DUPLICATE_METHOD_MATCH = YES;
				"CODE_SIGN_IDENTITY[sdk=iphoneos*]" = "iPhone Developer";
				COPY_PHASE_STRIP = NO;
				DEBUG_INFORMATION_FORMAT = dwarf;
				ENABLE_STRICT_OBJC_MSGSEND = YES;
				ENABLE_TESTABILITY = YES;
				GCC_C_LANGUAGE_STANDARD = gnu99;
				GCC_DYNAMIC_NO_PIC = NO;
				GCC_NO_COMMON_BLOCKS = YES;
				GCC_OPTIMIZATION_LEVEL = 0;
				GCC_PREPROCESSOR_DEFINITIONS = (
					"DEBUG=1",
					"$(inherited)",
				);
				GCC_WARN_64_TO_32_BIT_CONVERSION = YES;
				GCC_WARN_ABOUT_RETURN_TYPE = YES_ERROR;
				GCC_WARN_UNDECLARED_SELECTOR = YES;
				GCC_WARN_UNINITIALIZED_AUTOS = YES_AGGRESSIVE;
				GCC_WARN_UNUSED_FUNCTION = YES;
				GCC_WARN_UNUSED_VARIABLE = YES;
				IPHONEOS_DEPLOYMENT_TARGET = 10.1;
				MTL_ENABLE_DEBUG_INFO = YES;
				ONLY_ACTIVE_ARCH = YES;
				SDKROOT = iphoneos;
				SWIFT_ACTIVE_COMPILATION_CONDITIONS = DEBUG;
				SWIFT_OPTIMIZATION_LEVEL = "-Onone";
			};
			name = Debug;
		};
		1953BBAE1DF32FDF00F411B7 /* Release */ = {
			isa = XCBuildConfiguration;
			buildSettings = {
				ALWAYS_SEARCH_USER_PATHS = NO;
				CLANG_ANALYZER_NONNULL = YES;
				CLANG_CXX_LANGUAGE_STANDARD = "gnu++0x";
				CLANG_CXX_LIBRARY = "libc++";
				CLANG_ENABLE_MODULES = YES;
				CLANG_ENABLE_OBJC_ARC = YES;
				CLANG_WARN_BOOL_CONVERSION = YES;
				CLANG_WARN_CONSTANT_CONVERSION = YES;
				CLANG_WARN_DIRECT_OBJC_ISA_USAGE = YES_ERROR;
				CLANG_WARN_DOCUMENTATION_COMMENTS = YES;
				CLANG_WARN_EMPTY_BODY = YES;
				CLANG_WARN_ENUM_CONVERSION = YES;
				CLANG_WARN_INFINITE_RECURSION = YES;
				CLANG_WARN_INT_CONVERSION = YES;
				CLANG_WARN_OBJC_ROOT_CLASS = YES_ERROR;
				CLANG_WARN_SUSPICIOUS_MOVE = YES;
				CLANG_WARN_SUSPICIOUS_MOVES = YES;
				CLANG_WARN_UNREACHABLE_CODE = YES;
				CLANG_WARN__DUPLICATE_METHOD_MATCH = YES;
				"CODE_SIGN_IDENTITY[sdk=iphoneos*]" = "iPhone Developer";
				COPY_PHASE_STRIP = NO;
				DEBUG_INFORMATION_FORMAT = "dwarf-with-dsym";
				ENABLE_NS_ASSERTIONS = NO;
				ENABLE_STRICT_OBJC_MSGSEND = YES;
				GCC_C_LANGUAGE_STANDARD = gnu99;
				GCC_NO_COMMON_BLOCKS = YES;
				GCC_WARN_64_TO_32_BIT_CONVERSION = YES;
				GCC_WARN_ABOUT_RETURN_TYPE = YES_ERROR;
				GCC_WARN_UNDECLARED_SELECTOR = YES;
				GCC_WARN_UNINITIALIZED_AUTOS = YES_AGGRESSIVE;
				GCC_WARN_UNUSED_FUNCTION = YES;
				GCC_WARN_UNUSED_VARIABLE = YES;
				IPHONEOS_DEPLOYMENT_TARGET = 10.1;
				MTL_ENABLE_DEBUG_INFO = NO;
				SDKROOT = iphoneos;
				SWIFT_OPTIMIZATION_LEVEL = "-Owholemodule";
				VALIDATE_PRODUCT = YES;
			};
			name = Release;
		};
		1953BBB01DF32FDF00F411B7 /* Debug */ = {
			isa = XCBuildConfiguration;
			baseConfigurationReference = F7D9CAA186AD96F2D69AB1AE /* Pods-MyCodeReader.debug.xcconfig */;
			buildSettings = {
				ALWAYS_EMBED_SWIFT_STANDARD_LIBRARIES = YES;
				ASSETCATALOG_COMPILER_APPICON_NAME = AppIcon;
				DEVELOPMENT_TEAM = VRYW4TD62Q;
				INFOPLIST_FILE = MyCodeReader/Info.plist;
				LD_RUNPATH_SEARCH_PATHS = "$(inherited) @executable_path/Frameworks";
				PRODUCT_BUNDLE_IDENTIFIER = com.actionman.MyCodeReader;
				PRODUCT_NAME = "$(TARGET_NAME)";
				SWIFT_VERSION = 3.0;
			};
			name = Debug;
		};
		1953BBB11DF32FDF00F411B7 /* Release */ = {
			isa = XCBuildConfiguration;
			baseConfigurationReference = 0F73239091496A1A47E83AC2 /* Pods-MyCodeReader.release.xcconfig */;
			buildSettings = {
				ALWAYS_EMBED_SWIFT_STANDARD_LIBRARIES = YES;
				ASSETCATALOG_COMPILER_APPICON_NAME = AppIcon;
				DEVELOPMENT_TEAM = VRYW4TD62Q;
				INFOPLIST_FILE = MyCodeReader/Info.plist;
				LD_RUNPATH_SEARCH_PATHS = "$(inherited) @executable_path/Frameworks";
				PRODUCT_BUNDLE_IDENTIFIER = com.actionman.MyCodeReader;
				PRODUCT_NAME = "$(TARGET_NAME)";
				SWIFT_VERSION = 3.0;
			};
			name = Release;
		};
/* End XCBuildConfiguration section */

/* Begin XCConfigurationList section */
		1953BB981DF32FDF00F411B7 /* Build configuration list for PBXProject "MyCodeReader" */ = {
			isa = XCConfigurationList;
			buildConfigurations = (
				1953BBAD1DF32FDF00F411B7 /* Debug */,
				1953BBAE1DF32FDF00F411B7 /* Release */,
			);
			defaultConfigurationIsVisible = 0;
			defaultConfigurationName = Release;
		};
		1953BBAF1DF32FDF00F411B7 /* Build configuration list for PBXNativeTarget "MyCodeReader" */ = {
			isa = XCConfigurationList;
			buildConfigurations = (
				1953BBB01DF32FDF00F411B7 /* Debug */,
				1953BBB11DF32FDF00F411B7 /* Release */,
			);
			defaultConfigurationIsVisible = 0;
			defaultConfigurationName = Release;
		};
/* End XCConfigurationList section */
	};
	rootObject = 1953BB951DF32FDF00F411B7 /* Project object */;
}
